
Microsoft Visual Studio Solution File, Format Version 12.00
# Visual Studio Version 17
VisualStudioVersion = 17.7.34221.43
MinimumVisualStudioVersion = 10.0.40219.1
Project("{2150E333-8FDC-42A3-9474-1A3956D46DE8}") = "Level 1", "Level 1", "{1B41665E-2C6D-4038-AA9C-D7921821F3BD}"
EndProject
Project("{2150E333-8FDC-42A3-9474-1A3956D46DE8}") = "Level 0", "Level 0", "{AB974D9C-503F-44C9-A9AD-E9E36F6AD45B}"
EndProject
Project("{2150E333-8FDC-42A3-9474-1A3956D46DE8}") = "Level 2", "Level 2", "{C35B48EA-4E76-45E9-8AF8-87F26561B9E2}"
EndProject
Project("{2150E333-8FDC-42A3-9474-1A3956D46DE8}") = "Level 3", "Level 3", "{230833EA-0B4D-4ED4-9EAD-26D5FEB47B0C}"
EndProject
Project("{8BC9CEB8-8B4A-11D0-8D11-00A0C91BC942}") = "GameEngineBase", "GameEngineBase\GameEngineBase.vcxproj", "{43E95582-82FC-46C5-A7CA-7D887CD0432B}"
EndProject
Project("{8BC9CEB8-8B4A-11D0-8D11-00A0C91BC942}") = "GameEnginePlatform", "GameEnginePlatform\GameEnginePlatform.vcxproj", "{A4198B71-D72C-4C1A-9FA2-6A2A1290C0E7}"
	ProjectSection(ProjectDependencies) = postProject
		{43E95582-82FC-46C5-A7CA-7D887CD0432B} = {43E95582-82FC-46C5-A7CA-7D887CD0432B}
	EndProjectSection
EndProject
Project("{8BC9CEB8-8B4A-11D0-8D11-00A0C91BC942}") = "GameEngineCore", "GameEngineCore\GameEngineCore.vcxproj", "{B1E3C61A-C8FC-4963-9F8C-24D509EE580C}"
	ProjectSection(ProjectDependencies) = postProject
		{43E95582-82FC-46C5-A7CA-7D887CD0432B} = {43E95582-82FC-46C5-A7CA-7D887CD0432B}
		{A4198B71-D72C-4C1A-9FA2-6A2A1290C0E7} = {A4198B71-D72C-4C1A-9FA2-6A2A1290C0E7}
	EndProjectSection
EndProject
Project("{8BC9CEB8-8B4A-11D0-8D11-00A0C91BC942}") = "GameEngineContents", "GameEngineContents\GameEngineContents.vcxproj", "{A1ABC021-AE38-4262-9CF3-BF96F0A5CE90}"
	ProjectSection(ProjectDependencies) = postProject
		{43E95582-82FC-46C5-A7CA-7D887CD0432B} = {43E95582-82FC-46C5-A7CA-7D887CD0432B}
		{A4198B71-D72C-4C1A-9FA2-6A2A1290C0E7} = {A4198B71-D72C-4C1A-9FA2-6A2A1290C0E7}
		{B1E3C61A-C8FC-4963-9F8C-24D509EE580C} = {B1E3C61A-C8FC-4963-9F8C-24D509EE580C}
	EndProjectSection
EndProject
Project("{8BC9CEB8-8B4A-11D0-8D11-00A0C91BC942}") = "GameEngineCoreShader", "GameEngineCoreShader\GameEngineCoreShader.vcxproj", "{02B63468-E569-4E56-AAA3-D398473BAF95}"
EndProject
Project("{8BC9CEB8-8B4A-11D0-8D11-00A0C91BC942}") = "GameEngineContentsShader", "GameEngineContentsShader\GameEngineContentsShader.vcxproj", "{974672CD-5811-4B93-8734-5315F004701B}"
EndProject
Project("{2150E333-8FDC-42A3-9474-1A3956D46DE8}") = "Level 4", "Level 4", "{45416CF3-ED42-4220-B65A-26F7D60B0F78}"
EndProject
Project("{8BC9CEB8-8B4A-11D0-8D11-00A0C91BC942}") = "App", "App\App.vcxproj", "{54FE3F2A-44D8-4356-8454-EC6AA432ED8B}"
	ProjectSection(ProjectDependencies) = postProject
		{43E95582-82FC-46C5-A7CA-7D887CD0432B} = {43E95582-82FC-46C5-A7CA-7D887CD0432B}
		{A1ABC021-AE38-4262-9CF3-BF96F0A5CE90} = {A1ABC021-AE38-4262-9CF3-BF96F0A5CE90}
		{A4198B71-D72C-4C1A-9FA2-6A2A1290C0E7} = {A4198B71-D72C-4C1A-9FA2-6A2A1290C0E7}
		{B1E3C61A-C8FC-4963-9F8C-24D509EE580C} = {B1E3C61A-C8FC-4963-9F8C-24D509EE580C}
	EndProjectSection
EndProject
Global
	GlobalSection(SolutionConfigurationPlatforms) = preSolution
		Debug|x64 = Debug|x64
		Debug|x86 = Debug|x86
		Release|x64 = Release|x64
		Release|x86 = Release|x86
	EndGlobalSection
	GlobalSection(ProjectConfigurationPlatforms) = postSolution
		{43E95582-82FC-46C5-A7CA-7D887CD0432B}.Debug|x64.ActiveCfg = Debug|x64
		{43E95582-82FC-46C5-A7CA-7D887CD0432B}.Debug|x64.Build.0 = Debug|x64
		{43E95582-82FC-46C5-A7CA-7D887CD0432B}.Debug|x86.ActiveCfg = Debug|Win32
		{43E95582-82FC-46C5-A7CA-7D887CD0432B}.Debug|x86.Build.0 = Debug|Win32
		{43E95582-82FC-46C5-A7CA-7D887CD0432B}.Release|x64.ActiveCfg = Release|x64
		{43E95582-82FC-46C5-A7CA-7D887CD0432B}.Release|x64.Build.0 = Release|x64
		{43E95582-82FC-46C5-A7CA-7D887CD0432B}.Release|x86.ActiveCfg = Release|Win32
		{43E95582-82FC-46C5-A7CA-7D887CD0432B}.Release|x86.Build.0 = Release|Win32
		{A4198B71-D72C-4C1A-9FA2-6A2A1290C0E7}.Debug|x64.ActiveCfg = Debug|x64
		{A4198B71-D72C-4C1A-9FA2-6A2A1290C0E7}.Debug|x64.Build.0 = Debug|x64
		{A4198B71-D72C-4C1A-9FA2-6A2A1290C0E7}.Debug|x86.ActiveCfg = Debug|Win32
		{A4198B71-D72C-4C1A-9FA2-6A2A1290C0E7}.Debug|x86.Build.0 = Debug|Win32
		{A4198B71-D72C-4C1A-9FA2-6A2A1290C0E7}.Release|x64.ActiveCfg = Release|x64
		{A4198B71-D72C-4C1A-9FA2-6A2A1290C0E7}.Release|x64.Build.0 = Release|x64
		{A4198B71-D72C-4C1A-9FA2-6A2A1290C0E7}.Release|x86.ActiveCfg = Release|Win32
		{A4198B71-D72C-4C1A-9FA2-6A2A1290C0E7}.Release|x86.Build.0 = Release|Win32
		{B1E3C61A-C8FC-4963-9F8C-24D509EE580C}.Debug|x64.ActiveCfg = Debug|x64
		{B1E3C61A-C8FC-4963-9F8C-24D509EE580C}.Debug|x64.Build.0 = Debug|x64
		{B1E3C61A-C8FC-4963-9F8C-24D509EE580C}.Debug|x86.ActiveCfg = Debug|Win32
		{B1E3C61A-C8FC-4963-9F8C-24D509EE580C}.Debug|x86.Build.0 = Debug|Win32
		{B1E3C61A-C8FC-4963-9F8C-24D509EE580C}.Release|x64.ActiveCfg = Release|x64
		{B1E3C61A-C8FC-4963-9F8C-24D509EE580C}.Release|x64.Build.0 = Release|x64
		{B1E3C61A-C8FC-4963-9F8C-24D509EE580C}.Release|x86.ActiveCfg = Release|Win32
		{B1E3C61A-C8FC-4963-9F8C-24D509EE580C}.Release|x86.Build.0 = Release|Win32
		{A1ABC021-AE38-4262-9CF3-BF96F0A5CE90}.Debug|x64.ActiveCfg = Debug|x64
		{A1ABC021-AE38-4262-9CF3-BF96F0A5CE90}.Debug|x64.Build.0 = Debug|x64
		{A1ABC021-AE38-4262-9CF3-BF96F0A5CE90}.Debug|x86.ActiveCfg = Debug|Win32
		{A1ABC021-AE38-4262-9CF3-BF96F0A5CE90}.Debug|x86.Build.0 = Debug|Win32
		{A1ABC021-AE38-4262-9CF3-BF96F0A5CE90}.Release|x64.ActiveCfg = Release|x64
		{A1ABC021-AE38-4262-9CF3-BF96F0A5CE90}.Release|x64.Build.0 = Release|x64
		{A1ABC021-AE38-4262-9CF3-BF96F0A5CE90}.Release|x86.ActiveCfg = Release|Win32
		{A1ABC021-AE38-4262-9CF3-BF96F0A5CE90}.Release|x86.Build.0 = Release|Win32
		{02B63468-E569-4E56-AAA3-D398473BAF95}.Debug|x64.ActiveCfg = Debug|x64
		{02B63468-E569-4E56-AAA3-D398473BAF95}.Debug|x64.Build.0 = Debug|x64
		{02B63468-E569-4E56-AAA3-D398473BAF95}.Debug|x86.ActiveCfg = Debug|Win32
		{02B63468-E569-4E56-AAA3-D398473BAF95}.Debug|x86.Build.0 = Debug|Win32
		{02B63468-E569-4E56-AAA3-D398473BAF95}.Release|x64.ActiveCfg = Release|x64
		{02B63468-E569-4E56-AAA3-D398473BAF95}.Release|x64.Build.0 = Release|x64
		{02B63468-E569-4E56-AAA3-D398473BAF95}.Release|x86.ActiveCfg = Release|Win32
		{02B63468-E569-4E56-AAA3-D398473BAF95}.Release|x86.Build.0 = Release|Win32
		{974672CD-5811-4B93-8734-5315F004701B}.Debug|x64.ActiveCfg = Debug|x64
		{974672CD-5811-4B93-8734-5315F004701B}.Debug|x64.Build.0 = Debug|x64
		{974672CD-5811-4B93-8734-5315F004701B}.Debug|x86.ActiveCfg = Debug|Win32
		{974672CD-5811-4B93-8734-5315F004701B}.Debug|x86.Build.0 = Debug|Win32
		{974672CD-5811-4B93-8734-5315F004701B}.Release|x64.ActiveCfg = Release|x64
		{974672CD-5811-4B93-8734-5315F004701B}.Release|x64.Build.0 = Release|x64
		{974672CD-5811-4B93-8734-5315F004701B}.Release|x86.ActiveCfg = Release|Win32
		{974672CD-5811-4B93-8734-5315F004701B}.Release|x86.Build.0 = Release|Win32
		{54FE3F2A-44D8-4356-8454-EC6AA432ED8B}.Debug|x64.ActiveCfg = Debug|x64
		{54FE3F2A-44D8-4356-8454-EC6AA432ED8B}.Debug|x64.Build.0 = Debug|x64
		{54FE3F2A-44D8-4356-8454-EC6AA432ED8B}.Debug|x86.ActiveCfg = Debug|Win32
		{54FE3F2A-44D8-4356-8454-EC6AA432ED8B}.Debug|x86.Build.0 = Debug|Win32
		{54FE3F2A-44D8-4356-8454-EC6AA432ED8B}.Release|x64.ActiveCfg = Release|x64
		{54FE3F2A-44D8-4356-8454-EC6AA432ED8B}.Release|x64.Build.0 = Release|x64
		{54FE3F2A-44D8-4356-8454-EC6AA432ED8B}.Release|x86.ActiveCfg = Release|Win32
		{54FE3F2A-44D8-4356-8454-EC6AA432ED8B}.Release|x86.Build.0 = Release|Win32
	EndGlobalSection
	GlobalSection(SolutionProperties) = preSolution
		HideSolutionNode = FALSE
	EndGlobalSection
	GlobalSection(NestedProjects) = preSolution
		{43E95582-82FC-46C5-A7CA-7D887CD0432B} = {AB974D9C-503F-44C9-A9AD-E9E36F6AD45B}
		{A4198B71-D72C-4C1A-9FA2-6A2A1290C0E7} = {1B41665E-2C6D-4038-AA9C-D7921821F3BD}
		{B1E3C61A-C8FC-4963-9F8C-24D509EE580C} = {C35B48EA-4E76-45E9-8AF8-87F26561B9E2}
		{A1ABC021-AE38-4262-9CF3-BF96F0A5CE90} = {230833EA-0B4D-4ED4-9EAD-26D5FEB47B0C}
		{02B63468-E569-4E56-AAA3-D398473BAF95} = {C35B48EA-4E76-45E9-8AF8-87F26561B9E2}
		{974672CD-5811-4B93-8734-5315F004701B} = {230833EA-0B4D-4ED4-9EAD-26D5FEB47B0C}
		{54FE3F2A-44D8-4356-8454-EC6AA432ED8B} = {45416CF3-ED42-4220-B65A-26F7D60B0F78}
	EndGlobalSection
	GlobalSection(ExtensibilityGlobals) = postSolution
		SolutionGuid = {8BD2407E-6BE7-413D-99F7-2A418CFFF638}
	EndGlobalSection
EndGlobal
